
Microsoft Visual Studio Solution File, Format Version 11.00
# Visual Studio 2010
Project("{FAE04EC0-301F-11D3-BF4B-00C04F79EFBC}") = "Example_Console_001", "Example_Console_001\Example_Console_001.csproj", "{FCD1F840-8AE2-41C7-8944-2C1A36BE5DC2}"
EndProject
Global
	GlobalSection(SolutionConfigurationPlatforms) = preSolution
		Debug|x86 = Debug|x86
		Release|x86 = Release|x86
	EndGlobalSection
	GlobalSection(ProjectConfigurationPlatforms) = postSolution
		{FCD1F840-8AE2-41C7-8944-2C1A36BE5DC2}.Debug|x86.ActiveCfg = Debug|x86
		{FCD1F840-8AE2-41C7-8944-2C1A36BE5DC2}.Debug|x86.Build.0 = Debug|x86
		{FCD1F840-8AE2-41C7-8944-2C1A36BE5DC2}.Release|x86.ActiveCfg = Release|x86
		{FCD1F840-8AE2-41C7-8944-2C1A36BE5DC2}.Release|x86.Build.0 = Release|x86
	EndGlobalSection
	GlobalSection(SolutionProperties) = preSolution
		HideSolutionNode = FALSE
	EndGlobalSection
EndGlobal
